
Microsoft Visual Studio Solution File, Format Version 12.00
# Visual Studio Version 16
VisualStudioVersion = 16.0.30011.22
MinimumVisualStudioVersion = 10.0.40219.1
Project("{FAE04EC0-301F-11D3-BF4B-00C04F79EFBC}") = "ConsoleApp2", "ConsoleApp2.csproj", "{52CC2B38-869D-40AF-AB20-C8F8048AB093}"
EndProject
Global
	GlobalSection(SolutionConfigurationPlatforms) = preSolution
		Debug|Any CPU = Debug|Any CPU
		Release|Any CPU = Release|Any CPU
	EndGlobalSection
	GlobalSection(ProjectConfigurationPlatforms) = postSolution
		{52CC2B38-869D-40AF-AB20-C8F8048AB093}.Debug|Any CPU.ActiveCfg = Debug|Any CPU
		{52CC2B38-869D-40AF-AB20-C8F8048AB093}.Debug|Any CPU.Build.0 = Debug|Any CPU
		{52CC2B38-869D-40AF-AB20-C8F8048AB093}.Release|Any CPU.ActiveCfg = Release|Any CPU
		{52CC2B38-869D-40AF-AB20-C8F8048AB093}.Release|Any CPU.Build.0 = Release|Any CPU
	EndGlobalSection
	GlobalSection(SolutionProperties) = preSolution
		HideSolutionNode = FALSE
	EndGlobalSection
	GlobalSection(ExtensibilityGlobals) = postSolution
		SolutionGuid = {39265287-0F4F-488B-B921-D1344C8871AA}
	EndGlobalSection
EndGlobal
